// !$*UTF8*$!
{
	archiveVersion = 1;
	classes = {
	};
	objectVersion = 50;
	objects = {

/* Begin PBXBuildFile section */
		FAACB54B2613DAF500598AB8 /* AppDelegate.swift in Sources */ = {isa = PBXBuildFile; fileRef = FAACB54A2613DAF500598AB8 /* AppDelegate.swift */; };
		FAACB54D2613DAF500598AB8 /* SceneDelegate.swift in Sources */ = {isa = PBXBuildFile; fileRef = FAACB54C2613DAF500598AB8 /* SceneDelegate.swift */; };
		FAACB54F2613DAF500598AB8 /* BudgetViewController.swift in Sources */ = {isa = PBXBuildFile; fileRef = FAACB54E2613DAF500598AB8 /* BudgetViewController.swift */; };
		FAACB5522613DAF500598AB8 /* Main.storyboard in Resources */ = {isa = PBXBuildFile; fileRef = FAACB5502613DAF500598AB8 /* Main.storyboard */; };
		FAACB5552613DAF500598AB8 /* Debt_Manager.xcdatamodeld in Sources */ = {isa = PBXBuildFile; fileRef = FAACB5532613DAF500598AB8 /* Debt_Manager.xcdatamodeld */; };
		FAACB5572613DAF600598AB8 /* Assets.xcassets in Resources */ = {isa = PBXBuildFile; fileRef = FAACB5562613DAF600598AB8 /* Assets.xcassets */; };
		FAACB55A2613DAF600598AB8 /* LaunchScreen.storyboard in Resources */ = {isa = PBXBuildFile; fileRef = FAACB5582613DAF600598AB8 /* LaunchScreen.storyboard */; };
		FAACB5A2261D553500598AB8 /* ExpensesViewController.swift in Sources */ = {isa = PBXBuildFile; fileRef = FAACB5A1261D553500598AB8 /* ExpensesViewController.swift */; };
		FAACB5B7261EA84A00598AB8 /* ExpensesTableViewCell.swift in Sources */ = {isa = PBXBuildFile; fileRef = FAACB5B6261EA84A00598AB8 /* ExpensesTableViewCell.swift */; };
		FAACB5C3261FDA8000598AB8 /* SettingsTableViewController.swift in Sources */ = {isa = PBXBuildFile; fileRef = FAACB5C2261FDA8000598AB8 /* SettingsTableViewController.swift */; };
		FABEC8AF261FFA2B00567D4D /* BudgetTableViewCell.swift in Sources */ = {isa = PBXBuildFile; fileRef = FABEC8AD261FFA2B00567D4D /* BudgetTableViewCell.swift */; };
		FABEC8B0261FFA2B00567D4D /* BudgetTableViewCell.xib in Resources */ = {isa = PBXBuildFile; fileRef = FABEC8AE261FFA2B00567D4D /* BudgetTableViewCell.xib */; };
		FABEC8B72620048600567D4D /* DebtTableViewCell.swift in Sources */ = {isa = PBXBuildFile; fileRef = FABEC8B52620048600567D4D /* DebtTableViewCell.swift */; };
		FABEC8B82620048600567D4D /* DebtTableViewCell.xib in Resources */ = {isa = PBXBuildFile; fileRef = FABEC8B62620048600567D4D /* DebtTableViewCell.xib */; };
		FABEC8BC2620199100567D4D /* DebtViewController.swift in Sources */ = {isa = PBXBuildFile; fileRef = FABEC8BB2620199100567D4D /* DebtViewController.swift */; };
/* End PBXBuildFile section */

/* Begin PBXFileReference section */
		FAACB5472613DAF500598AB8 /* Debt Manager.app */ = {isa = PBXFileReference; explicitFileType = wrapper.application; includeInIndex = 0; path = "Debt Manager.app"; sourceTree = BUILT_PRODUCTS_DIR; };
		FAACB54A2613DAF500598AB8 /* AppDelegate.swift */ = {isa = PBXFileReference; lastKnownFileType = sourcecode.swift; path = AppDelegate.swift; sourceTree = "<group>"; };
		FAACB54C2613DAF500598AB8 /* SceneDelegate.swift */ = {isa = PBXFileReference; lastKnownFileType = sourcecode.swift; path = SceneDelegate.swift; sourceTree = "<group>"; };
		FAACB54E2613DAF500598AB8 /* BudgetViewController.swift */ = {isa = PBXFileReference; lastKnownFileType = sourcecode.swift; path = BudgetViewController.swift; sourceTree = "<group>"; };
		FAACB5512613DAF500598AB8 /* Base */ = {isa = PBXFileReference; lastKnownFileType = file.storyboard; name = Base; path = Base.lproj/Main.storyboard; sourceTree = "<group>"; };
		FAACB5542613DAF500598AB8 /* Debt_Manager.xcdatamodel */ = {isa = PBXFileReference; lastKnownFileType = wrapper.xcdatamodel; path = Debt_Manager.xcdatamodel; sourceTree = "<group>"; };
		FAACB5562613DAF600598AB8 /* Assets.xcassets */ = {isa = PBXFileReference; lastKnownFileType = folder.assetcatalog; path = Assets.xcassets; sourceTree = "<group>"; };
		FAACB5592613DAF600598AB8 /* Base */ = {isa = PBXFileReference; lastKnownFileType = file.storyboard; name = Base; path = Base.lproj/LaunchScreen.storyboard; sourceTree = "<group>"; };
		FAACB55B2613DAF600598AB8 /* Info.plist */ = {isa = PBXFileReference; lastKnownFileType = text.plist.xml; path = Info.plist; sourceTree = "<group>"; };
		FAACB5A1261D553500598AB8 /* ExpensesViewController.swift */ = {isa = PBXFileReference; lastKnownFileType = sourcecode.swift; path = ExpensesViewController.swift; sourceTree = "<group>"; };
		FAACB5B6261EA84A00598AB8 /* ExpensesTableViewCell.swift */ = {isa = PBXFileReference; lastKnownFileType = sourcecode.swift; path = ExpensesTableViewCell.swift; sourceTree = "<group>"; };
		FAACB5C2261FDA8000598AB8 /* SettingsTableViewController.swift */ = {isa = PBXFileReference; lastKnownFileType = sourcecode.swift; path = SettingsTableViewController.swift; sourceTree = "<group>"; };
		FABEC8AD261FFA2B00567D4D /* BudgetTableViewCell.swift */ = {isa = PBXFileReference; lastKnownFileType = sourcecode.swift; path = BudgetTableViewCell.swift; sourceTree = "<group>"; };
		FABEC8AE261FFA2B00567D4D /* BudgetTableViewCell.xib */ = {isa = PBXFileReference; lastKnownFileType = file.xib; path = BudgetTableViewCell.xib; sourceTree = "<group>"; };
		FABEC8B52620048600567D4D /* DebtTableViewCell.swift */ = {isa = PBXFileReference; lastKnownFileType = sourcecode.swift; path = DebtTableViewCell.swift; sourceTree = "<group>"; };
		FABEC8B62620048600567D4D /* DebtTableViewCell.xib */ = {isa = PBXFileReference; lastKnownFileType = file.xib; path = DebtTableViewCell.xib; sourceTree = "<group>"; };
		FABEC8BB2620199100567D4D /* DebtViewController.swift */ = {isa = PBXFileReference; lastKnownFileType = sourcecode.swift; path = DebtViewController.swift; sourceTree = "<group>"; };
/* End PBXFileReference section */

/* Begin PBXFrameworksBuildPhase section */
		FAACB5442613DAF500598AB8 /* Frameworks */ = {
			isa = PBXFrameworksBuildPhase;
			buildActionMask = 2147483647;
			files = (
			);
			runOnlyForDeploymentPostprocessing = 0;
		};
/* End PBXFrameworksBuildPhase section */

/* Begin PBXGroup section */
		FAACB53E2613DAF500598AB8 = {
			isa = PBXGroup;
			children = (
				FAACB5492613DAF500598AB8 /* Debt Manager */,
				FAACB5482613DAF500598AB8 /* Products */,
			);
			sourceTree = "<group>";
		};
		FAACB5482613DAF500598AB8 /* Products */ = {
			isa = PBXGroup;
			children = (
				FAACB5472613DAF500598AB8 /* Debt Manager.app */,
			);
			name = Products;
			sourceTree = "<group>";
		};
		FAACB5492613DAF500598AB8 /* Debt Manager */ = {
			isa = PBXGroup;
			children = (
				FAACB54A2613DAF500598AB8 /* AppDelegate.swift */,
				FAACB54C2613DAF500598AB8 /* SceneDelegate.swift */,
				FAACB59126155C0900598AB8 /* Model */,
				FAACB59026155C0000598AB8 /* View */,
				FAACB59226155C0F00598AB8 /* Controller */,
				FAACB5582613DAF600598AB8 /* LaunchScreen.storyboard */,
				FAACB5562613DAF600598AB8 /* Assets.xcassets */,
				FAACB55B2613DAF600598AB8 /* Info.plist */,
				FAACB5532613DAF500598AB8 /* Debt_Manager.xcdatamodeld */,
			);
			path = "Debt Manager";
			sourceTree = "<group>";
		};
		FAACB59026155C0000598AB8 /* View */ = {
			isa = PBXGroup;
			children = (
				FAACB5502613DAF500598AB8 /* Main.storyboard */,
				FAACB5B6261EA84A00598AB8 /* ExpensesTableViewCell.swift */,
				FABEC8AD261FFA2B00567D4D /* BudgetTableViewCell.swift */,
				FABEC8AE261FFA2B00567D4D /* BudgetTableViewCell.xib */,
				FABEC8B52620048600567D4D /* DebtTableViewCell.swift */,
				FABEC8B62620048600567D4D /* DebtTableViewCell.xib */,
			);
			path = View;
			sourceTree = "<group>";
		};
		FAACB59126155C0900598AB8 /* Model */ = {
			isa = PBXGroup;
			children = (
			);
			path = Model;
			sourceTree = "<group>";
		};
		FAACB59226155C0F00598AB8 /* Controller */ = {
			isa = PBXGroup;
			children = (
				FAACB54E2613DAF500598AB8 /* BudgetViewController.swift */,
				FAACB5A1261D553500598AB8 /* ExpensesViewController.swift */,
				FAACB5C2261FDA8000598AB8 /* SettingsTableViewController.swift */,
				FABEC8BB2620199100567D4D /* DebtViewController.swift */,
			);
			path = Controller;
			sourceTree = "<group>";
		};
/* End PBXGroup section */

/* Begin PBXNativeTarget section */
		FAACB5462613DAF500598AB8 /* Debt Manager */ = {
			isa = PBXNativeTarget;
			buildConfigurationList = FAACB55E2613DAF600598AB8 /* Build configuration list for PBXNativeTarget "Debt Manager" */;
			buildPhases = (
				FAACB5432613DAF500598AB8 /* Sources */,
				FAACB5442613DAF500598AB8 /* Frameworks */,
				FAACB5452613DAF500598AB8 /* Resources */,
			);
			buildRules = (
			);
			dependencies = (
			);
			name = "Debt Manager";
			productName = "Debt Manager";
			productReference = FAACB5472613DAF500598AB8 /* Debt Manager.app */;
			productType = "com.apple.product-type.application";
		};
/* End PBXNativeTarget section */

/* Begin PBXProject section */
		FAACB53F2613DAF500598AB8 /* Project object */ = {
			isa = PBXProject;
			attributes = {
				LastSwiftUpdateCheck = 1240;
				LastUpgradeCheck = 1240;
				TargetAttributes = {
					FAACB5462613DAF500598AB8 = {
						CreatedOnToolsVersion = 12.4;
					};
				};
			};
			buildConfigurationList = FAACB5422613DAF500598AB8 /* Build configuration list for PBXProject "Debt Manager" */;
			compatibilityVersion = "Xcode 9.3";
			developmentRegion = en;
			hasScannedForEncodings = 0;
			knownRegions = (
				en,
				Base,
			);
			mainGroup = FAACB53E2613DAF500598AB8;
			productRefGroup = FAACB5482613DAF500598AB8 /* Products */;
			projectDirPath = "";
			projectRoot = "";
			targets = (
				FAACB5462613DAF500598AB8 /* Debt Manager */,
			);
		};
/* End PBXProject section */

/* Begin PBXResourcesBuildPhase section */
		FAACB5452613DAF500598AB8 /* Resources */ = {
			isa = PBXResourcesBuildPhase;
			buildActionMask = 2147483647;
			files = (
				FAACB55A2613DAF600598AB8 /* LaunchScreen.storyboard in Resources */,
				FABEC8B82620048600567D4D /* DebtTableViewCell.xib in Resources */,
				FAACB5572613DAF600598AB8 /* Assets.xcassets in Resources */,
				FABEC8B0261FFA2B00567D4D /* BudgetTableViewCell.xib in Resources */,
				FAACB5522613DAF500598AB8 /* Main.storyboard in Resources */,
			);
			runOnlyForDeploymentPostprocessing = 0;
		};
/* End PBXResourcesBuildPhase section */

/* Begin PBXSourcesBuildPhase section */
		FAACB5432613DAF500598AB8 /* Sources */ = {
			isa = PBXSourcesBuildPhase;
			buildActionMask = 2147483647;
			files = (
				FAACB54F2613DAF500598AB8 /* BudgetViewController.swift in Sources */,
				FABEC8B72620048600567D4D /* DebtTableViewCell.swift in Sources */,
				FAACB54B2613DAF500598AB8 /* AppDelegate.swift in Sources */,
				FABEC8AF261FFA2B00567D4D /* BudgetTableViewCell.swift in Sources */,
				FAACB5552613DAF500598AB8 /* Debt_Manager.xcdatamodeld in Sources */,
				FAACB54D2613DAF500598AB8 /* SceneDelegate.swift in Sources */,
				FAACB5A2261D553500598AB8 /* ExpensesViewController.swift in Sources */,
				FABEC8BC2620199100567D4D /* DebtViewController.swift in Sources */,
				FAACB5B7261EA84A00598AB8 /* ExpensesTableViewCell.swift in Sources */,
				FAACB5C3261FDA8000598AB8 /* SettingsTableViewController.swift in Sources */,
			);
			runOnlyForDeploymentPostprocessing = 0;
		};
/* End PBXSourcesBuildPhase section */

/* Begin PBXVariantGroup section */
		FAACB5502613DAF500598AB8 /* Main.storyboard */ = {
			isa = PBXVariantGroup;
			children = (
				FAACB5512613DAF500598AB8 /* Base */,
			);
			name = Main.storyboard;
			sourceTree = "<group>";
		};
		FAACB5582613DAF600598AB8 /* LaunchScreen.storyboard */ = {
			isa = PBXVariantGroup;
			children = (
				FAACB5592613DAF600598AB8 /* Base */,
			);
			name = LaunchScreen.storyboard;
			sourceTree = "<group>";
		};
/* End PBXVariantGroup section */

/* Begin XCBuildConfiguration section */
		FAACB55C2613DAF600598AB8 /* Debug */ = {
			isa = XCBuildConfiguration;
			buildSettings = {
				ALWAYS_SEARCH_USER_PATHS = NO;
				CLANG_ANALYZER_NONNULL = YES;
				CLANG_ANALYZER_NUMBER_OBJECT_CONVERSION = YES_AGGRESSIVE;
				CLANG_CXX_LANGUAGE_STANDARD = "gnu++14";
				CLANG_CXX_LIBRARY = "libc++";
				CLANG_ENABLE_MODULES = YES;
				CLANG_ENABLE_OBJC_ARC = YES;
				CLANG_ENABLE_OBJC_WEAK = YES;
				CLANG_WARN_BLOCK_CAPTURE_AUTORELEASING = YES;
				CLANG_WARN_BOOL_CONVERSION = YES;
				CLANG_WARN_COMMA = YES;
				CLANG_WARN_CONSTANT_CONVERSION = YES;
				CLANG_WARN_DEPRECATED_OBJC_IMPLEMENTATIONS = YES;
				CLANG_WARN_DIRECT_OBJC_ISA_USAGE = YES_ERROR;
				CLANG_WARN_DOCUMENTATION_COMMENTS = YES;
				CLANG_WARN_EMPTY_BODY = YES;
				CLANG_WARN_ENUM_CONVERSION = YES;
				CLANG_WARN_INFINITE_RECURSION = YES;
				CLANG_WARN_INT_CONVERSION = YES;
				CLANG_WARN_NON_LITERAL_NULL_CONVERSION = YES;
				CLANG_WARN_OBJC_IMPLICIT_RETAIN_SELF = YES;
				CLANG_WARN_OBJC_LITERAL_CONVERSION = YES;
				CLANG_WARN_OBJC_ROOT_CLASS = YES_ERROR;
				CLANG_WARN_QUOTED_INCLUDE_IN_FRAMEWORK_HEADER = YES;
				CLANG_WARN_RANGE_LOOP_ANALYSIS = YES;
				CLANG_WARN_STRICT_PROTOTYPES = YES;
				CLANG_WARN_SUSPICIOUS_MOVE = YES;
				CLANG_WARN_UNGUARDED_AVAILABILITY = YES_AGGRESSIVE;
				CLANG_WARN_UNREACHABLE_CODE = YES;
				CLANG_WARN__DUPLICATE_METHOD_MATCH = YES;
				COPY_PHASE_STRIP = NO;
				DEBUG_INFORMATION_FORMAT = dwarf;
				ENABLE_STRICT_OBJC_MSGSEND = YES;
				ENABLE_TESTABILITY = YES;
				GCC_C_LANGUAGE_STANDARD = gnu11;
				GCC_DYNAMIC_NO_PIC = NO;
				GCC_NO_COMMON_BLOCKS = YES;
				GCC_OPTIMIZATION_LEVEL = 0;
				GCC_PREPROCESSOR_DEFINITIONS = (
					"DEBUG=1",
					"$(inherited)",
				);
				GCC_WARN_64_TO_32_BIT_CONVERSION = YES;
				GCC_WARN_ABOUT_RETURN_TYPE = YES_ERROR;
				GCC_WARN_UNDECLARED_SELECTOR = YES;
				GCC_WARN_UNINITIALIZED_AUTOS = YES_AGGRESSIVE;
				GCC_WARN_UNUSED_FUNCTION = YES;
				GCC_WARN_UNUSED_VARIABLE = YES;
				IPHONEOS_DEPLOYMENT_TARGET = 14.4;
				MTL_ENABLE_DEBUG_INFO = INCLUDE_SOURCE;
				MTL_FAST_MATH = YES;
				ONLY_ACTIVE_ARCH = YES;
				SDKROOT = iphoneos;
				SWIFT_ACTIVE_COMPILATION_CONDITIONS = DEBUG;
				SWIFT_OPTIMIZATION_LEVEL = "-Onone";
			};
			name = Debug;
		};
		FAACB55D2613DAF600598AB8 /* Release */ = {
			isa = XCBuildConfiguration;
			buildSettings = {
				ALWAYS_SEARCH_USER_PATHS = NO;
				CLANG_ANALYZER_NONNULL = YES;
				CLANG_ANALYZER_NUMBER_OBJECT_CONVERSION = YES_AGGRESSIVE;
				CLANG_CXX_LANGUAGE_STANDARD = "gnu++14";
				CLANG_CXX_LIBRARY = "libc++";
				CLANG_ENABLE_MODULES = YES;
				CLANG_ENABLE_OBJC_ARC = YES;
				CLANG_ENABLE_OBJC_WEAK = YES;
				CLANG_WARN_BLOCK_CAPTURE_AUTORELEASING = YES;
				CLANG_WARN_BOOL_CONVERSION = YES;
				CLANG_WARN_COMMA = YES;
				CLANG_WARN_CONSTANT_CONVERSION = YES;
				CLANG_WARN_DEPRECATED_OBJC_IMPLEMENTATIONS = YES;
				CLANG_WARN_DIRECT_OBJC_ISA_USAGE = YES_ERROR;
				CLANG_WARN_DOCUMENTATION_COMMENTS = YES;
				CLANG_WARN_EMPTY_BODY = YES;
				CLANG_WARN_ENUM_CONVERSION = YES;
				CLANG_WARN_INFINITE_RECURSION = YES;
				CLANG_WARN_INT_CONVERSION = YES;
				CLANG_WARN_NON_LITERAL_NULL_CONVERSION = YES;
				CLANG_WARN_OBJC_IMPLICIT_RETAIN_SELF = YES;
				CLANG_WARN_OBJC_LITERAL_CONVERSION = YES;
				CLANG_WARN_OBJC_ROOT_CLASS = YES_ERROR;
				CLANG_WARN_QUOTED_INCLUDE_IN_FRAMEWORK_HEADER = YES;
				CLANG_WARN_RANGE_LOOP_ANALYSIS = YES;
				CLANG_WARN_STRICT_PROTOTYPES = YES;
				CLANG_WARN_SUSPICIOUS_MOVE = YES;
				CLANG_WARN_UNGUARDED_AVAILABILITY = YES_AGGRESSIVE;
				CLANG_WARN_UNREACHABLE_CODE = YES;
				CLANG_WARN__DUPLICATE_METHOD_MATCH = YES;
				COPY_PHASE_STRIP = NO;
				DEBUG_INFORMATION_FORMAT = "dwarf-with-dsym";
				ENABLE_NS_ASSERTIONS = NO;
				ENABLE_STRICT_OBJC_MSGSEND = YES;
				GCC_C_LANGUAGE_STANDARD = gnu11;
				GCC_NO_COMMON_BLOCKS = YES;
				GCC_WARN_64_TO_32_BIT_CONVERSION = YES;
				GCC_WARN_ABOUT_RETURN_TYPE = YES_ERROR;
				GCC_WARN_UNDECLARED_SELECTOR = YES;
				GCC_WARN_UNINITIALIZED_AUTOS = YES_AGGRESSIVE;
				GCC_WARN_UNUSED_FUNCTION = YES;
				GCC_WARN_UNUSED_VARIABLE = YES;
				IPHONEOS_DEPLOYMENT_TARGET = 14.4;
				MTL_ENABLE_DEBUG_INFO = NO;
				MTL_FAST_MATH = YES;
				SDKROOT = iphoneos;
				SWIFT_COMPILATION_MODE = wholemodule;
				SWIFT_OPTIMIZATION_LEVEL = "-O";
				VALIDATE_PRODUCT = YES;
			};
			name = Release;
		};
		FAACB55F2613DAF600598AB8 /* Debug */ = {
			isa = XCBuildConfiguration;
			buildSettings = {
				ASSETCATALOG_COMPILER_APPICON_NAME = AppIcon;
				ASSETCATALOG_COMPILER_GLOBAL_ACCENT_COLOR_NAME = AccentColor;
				CODE_SIGN_STYLE = Automatic;
				DEVELOPMENT_TEAM = R8V696537A;
				INFOPLIST_FILE = "Debt Manager/Info.plist";
				LD_RUNPATH_SEARCH_PATHS = (
					"$(inherited)",
					"@executable_path/Frameworks",
				);
				PRODUCT_BUNDLE_IDENTIFIER = "com.AlexThompson.Debt-Manager";
				PRODUCT_NAME = "$(TARGET_NAME)";
				SWIFT_VERSION = 5.0;
				TARGETED_DEVICE_FAMILY = "1,2";
			};
			name = Debug;
		};
		FAACB5602613DAF600598AB8 /* Release */ = {
			isa = XCBuildConfiguration;
			buildSettings = {
				ASSETCATALOG_COMPILER_APPICON_NAME = AppIcon;
				ASSETCATALOG_COMPILER_GLOBAL_ACCENT_COLOR_NAME = AccentColor;
				CODE_SIGN_STYLE = Automatic;
				DEVELOPMENT_TEAM = R8V696537A;
				INFOPLIST_FILE = "Debt Manager/Info.plist";
				LD_RUNPATH_SEARCH_PATHS = (
					"$(inherited)",
					"@executable_path/Frameworks",
				);
				PRODUCT_BUNDLE_IDENTIFIER = "com.AlexThompson.Debt-Manager";
				PRODUCT_NAME = "$(TARGET_NAME)";
				SWIFT_VERSION = 5.0;
				TARGETED_DEVICE_FAMILY = "1,2";
			};
			name = Release;
		};
/* End XCBuildConfiguration section */

/* Begin XCConfigurationList section */
		FAACB5422613DAF500598AB8 /* Build configuration list for PBXProject "Debt Manager" */ = {
			isa = XCConfigurationList;
			buildConfigurations = (
				FAACB55C2613DAF600598AB8 /* Debug */,
				FAACB55D2613DAF600598AB8 /* Release */,
			);
			defaultConfigurationIsVisible = 0;
			defaultConfigurationName = Release;
		};
		FAACB55E2613DAF600598AB8 /* Build configuration list for PBXNativeTarget "Debt Manager" */ = {
			isa = XCConfigurationList;
			buildConfigurations = (
				FAACB55F2613DAF600598AB8 /* Debug */,
				FAACB5602613DAF600598AB8 /* Release */,
			);
			defaultConfigurationIsVisible = 0;
			defaultConfigurationName = Release;
		};
/* End XCConfigurationList section */

/* Begin XCVersionGroup section */
		FAACB5532613DAF500598AB8 /* Debt_Manager.xcdatamodeld */ = {
			isa = XCVersionGroup;
			children = (
				FAACB5542613DAF500598AB8 /* Debt_Manager.xcdatamodel */,
			);
			currentVersion = FAACB5542613DAF500598AB8 /* Debt_Manager.xcdatamodel */;
			path = Debt_Manager.xcdatamodeld;
			sourceTree = "<group>";
			versionGroupType = wrapper.xcdatamodel;
		};
/* End XCVersionGroup section */
	};
	rootObject = FAACB53F2613DAF500598AB8 /* Project object */;
}
